// !$*UTF8*$!
{
	archiveVersion = 1;
	classes = {
	};
	objectVersion = 46;
	objects = {

/* Begin PBXBuildFile section */
		B722F9321D95359400EA1800 /* AppDelegate.swift in Sources */ = {isa = PBXBuildFile; fileRef = B722F9311D95359400EA1800 /* AppDelegate.swift */; };
		B722F9341D95359400EA1800 /* MealsViewController.swift in Sources */ = {isa = PBXBuildFile; fileRef = B722F9331D95359400EA1800 /* MealsViewController.swift */; };
		B722F9361D95359400EA1800 /* ListsViewController.swift in Sources */ = {isa = PBXBuildFile; fileRef = B722F9351D95359400EA1800 /* ListsViewController.swift */; };
		B722F9391D95359400EA1800 /* Main.storyboard in Resources */ = {isa = PBXBuildFile; fileRef = B722F9371D95359400EA1800 /* Main.storyboard */; };
		B722F93B1D95359400EA1800 /* Assets.xcassets in Resources */ = {isa = PBXBuildFile; fileRef = B722F93A1D95359400EA1800 /* Assets.xcassets */; };
		B722F93E1D95359400EA1800 /* LaunchScreen.storyboard in Resources */ = {isa = PBXBuildFile; fileRef = B722F93C1D95359400EA1800 /* LaunchScreen.storyboard */; };
		B722F9491D95359400EA1800 /* ShoppingListsTests.swift in Sources */ = {isa = PBXBuildFile; fileRef = B722F9481D95359400EA1800 /* ShoppingListsTests.swift */; };
		B722F9541D95359400EA1800 /* ShoppingListsUITests.swift in Sources */ = {isa = PBXBuildFile; fileRef = B722F9531D95359400EA1800 /* ShoppingListsUITests.swift */; };
		B722F9621D9535A800EA1800 /* SettingsViewController.swift in Sources */ = {isa = PBXBuildFile; fileRef = B722F9611D9535A800EA1800 /* SettingsViewController.swift */; };
		B722F9641D95626F00EA1800 /* Meal.swift in Sources */ = {isa = PBXBuildFile; fileRef = B722F9631D95626F00EA1800 /* Meal.swift */; };
		B722F9661D95627600EA1800 /* List.swift in Sources */ = {isa = PBXBuildFile; fileRef = B722F9651D95627600EA1800 /* List.swift */; };
		B722F9681D9563AF00EA1800 /* Ingredient.swift in Sources */ = {isa = PBXBuildFile; fileRef = B722F9671D9563AF00EA1800 /* Ingredient.swift */; };
/* End PBXBuildFile section */

/* Begin PBXContainerItemProxy section */
		B722F9451D95359400EA1800 /* PBXContainerItemProxy */ = {
			isa = PBXContainerItemProxy;
			containerPortal = B722F9261D95359400EA1800 /* Project object */;
			proxyType = 1;
			remoteGlobalIDString = B722F92D1D95359400EA1800;
			remoteInfo = ShoppingLists;
		};
		B722F9501D95359400EA1800 /* PBXContainerItemProxy */ = {
			isa = PBXContainerItemProxy;
			containerPortal = B722F9261D95359400EA1800 /* Project object */;
			proxyType = 1;
			remoteGlobalIDString = B722F92D1D95359400EA1800;
			remoteInfo = ShoppingLists;
		};
/* End PBXContainerItemProxy section */

/* Begin PBXFileReference section */
		B722F92E1D95359400EA1800 /* ShoppingLists.app */ = {isa = PBXFileReference; explicitFileType = wrapper.application; includeInIndex = 0; path = ShoppingLists.app; sourceTree = BUILT_PRODUCTS_DIR; };
		B722F9311D95359400EA1800 /* AppDelegate.swift */ = {isa = PBXFileReference; lastKnownFileType = sourcecode.swift; path = AppDelegate.swift; sourceTree = "<group>"; };
		B722F9331D95359400EA1800 /* MealsViewController.swift */ = {isa = PBXFileReference; lastKnownFileType = sourcecode.swift; path = MealsViewController.swift; sourceTree = "<group>"; };
		B722F9351D95359400EA1800 /* ListsViewController.swift */ = {isa = PBXFileReference; lastKnownFileType = sourcecode.swift; path = ListsViewController.swift; sourceTree = "<group>"; };
		B722F9381D95359400EA1800 /* Base */ = {isa = PBXFileReference; lastKnownFileType = file.storyboard; name = Base; path = Base.lproj/Main.storyboard; sourceTree = "<group>"; };
		B722F93A1D95359400EA1800 /* Assets.xcassets */ = {isa = PBXFileReference; lastKnownFileType = folder.assetcatalog; path = Assets.xcassets; sourceTree = "<group>"; };
		B722F93D1D95359400EA1800 /* Base */ = {isa = PBXFileReference; lastKnownFileType = file.storyboard; name = Base; path = Base.lproj/LaunchScreen.storyboard; sourceTree = "<group>"; };
		B722F93F1D95359400EA1800 /* Info.plist */ = {isa = PBXFileReference; lastKnownFileType = text.plist.xml; path = Info.plist; sourceTree = "<group>"; };
		B722F9441D95359400EA1800 /* ShoppingListsTests.xctest */ = {isa = PBXFileReference; explicitFileType = wrapper.cfbundle; includeInIndex = 0; path = ShoppingListsTests.xctest; sourceTree = BUILT_PRODUCTS_DIR; };
		B722F9481D95359400EA1800 /* ShoppingListsTests.swift */ = {isa = PBXFileReference; lastKnownFileType = sourcecode.swift; path = ShoppingListsTests.swift; sourceTree = "<group>"; };
		B722F94A1D95359400EA1800 /* Info.plist */ = {isa = PBXFileReference; lastKnownFileType = text.plist.xml; path = Info.plist; sourceTree = "<group>"; };
		B722F94F1D95359400EA1800 /* ShoppingListsUITests.xctest */ = {isa = PBXFileReference; explicitFileType = wrapper.cfbundle; includeInIndex = 0; path = ShoppingListsUITests.xctest; sourceTree = BUILT_PRODUCTS_DIR; };
		B722F9531D95359400EA1800 /* ShoppingListsUITests.swift */ = {isa = PBXFileReference; lastKnownFileType = sourcecode.swift; path = ShoppingListsUITests.swift; sourceTree = "<group>"; };
		B722F9551D95359400EA1800 /* Info.plist */ = {isa = PBXFileReference; lastKnownFileType = text.plist.xml; path = Info.plist; sourceTree = "<group>"; };
		B722F9611D9535A800EA1800 /* SettingsViewController.swift */ = {isa = PBXFileReference; fileEncoding = 4; lastKnownFileType = sourcecode.swift; path = SettingsViewController.swift; sourceTree = "<group>"; };
		B722F9631D95626F00EA1800 /* Meal.swift */ = {isa = PBXFileReference; fileEncoding = 4; lastKnownFileType = sourcecode.swift; path = Meal.swift; sourceTree = "<group>"; };
		B722F9651D95627600EA1800 /* List.swift */ = {isa = PBXFileReference; fileEncoding = 4; lastKnownFileType = sourcecode.swift; path = List.swift; sourceTree = "<group>"; };
		B722F9671D9563AF00EA1800 /* Ingredient.swift */ = {isa = PBXFileReference; fileEncoding = 4; lastKnownFileType = sourcecode.swift; path = Ingredient.swift; sourceTree = "<group>"; };
/* End PBXFileReference section */

/* Begin PBXFrameworksBuildPhase section */
		B722F92B1D95359400EA1800 /* Frameworks */ = {
			isa = PBXFrameworksBuildPhase;
			buildActionMask = 2147483647;
			files = (
			);
			runOnlyForDeploymentPostprocessing = 0;
		};
		B722F9411D95359400EA1800 /* Frameworks */ = {
			isa = PBXFrameworksBuildPhase;
			buildActionMask = 2147483647;
			files = (
			);
			runOnlyForDeploymentPostprocessing = 0;
		};
		B722F94C1D95359400EA1800 /* Frameworks */ = {
			isa = PBXFrameworksBuildPhase;
			buildActionMask = 2147483647;
			files = (
			);
			runOnlyForDeploymentPostprocessing = 0;
		};
/* End PBXFrameworksBuildPhase section */

/* Begin PBXGroup section */
		B722F9251D95359400EA1800 = {
			isa = PBXGroup;
			children = (
				B722F9301D95359400EA1800 /* ShoppingLists */,
				B722F9471D95359400EA1800 /* ShoppingListsTests */,
				B722F9521D95359400EA1800 /* ShoppingListsUITests */,
				B722F92F1D95359400EA1800 /* Products */,
			);
			sourceTree = "<group>";
		};
		B722F92F1D95359400EA1800 /* Products */ = {
			isa = PBXGroup;
			children = (
				B722F92E1D95359400EA1800 /* ShoppingLists.app */,
				B722F9441D95359400EA1800 /* ShoppingListsTests.xctest */,
				B722F94F1D95359400EA1800 /* ShoppingListsUITests.xctest */,
			);
			name = Products;
			sourceTree = "<group>";
		};
		B722F9301D95359400EA1800 /* ShoppingLists */ = {
			isa = PBXGroup;
			children = (
				B722F9311D95359400EA1800 /* AppDelegate.swift */,
				B722F9331D95359400EA1800 /* MealsViewController.swift */,
				B722F9351D95359400EA1800 /* ListsViewController.swift */,
				B722F9611D9535A800EA1800 /* SettingsViewController.swift */,
				B722F9371D95359400EA1800 /* Main.storyboard */,
				B722F93A1D95359400EA1800 /* Assets.xcassets */,
				B722F93C1D95359400EA1800 /* LaunchScreen.storyboard */,
				B722F93F1D95359400EA1800 /* Info.plist */,
				B722F9631D95626F00EA1800 /* Meal.swift */,
				B722F9651D95627600EA1800 /* List.swift */,
				B722F9671D9563AF00EA1800 /* Ingredient.swift */,
			);
			path = ShoppingLists;
			sourceTree = "<group>";
		};
		B722F9471D95359400EA1800 /* ShoppingListsTests */ = {
			isa = PBXGroup;
			children = (
				B722F9481D95359400EA1800 /* ShoppingListsTests.swift */,
				B722F94A1D95359400EA1800 /* Info.plist */,
			);
			path = ShoppingListsTests;
			sourceTree = "<group>";
		};
		B722F9521D95359400EA1800 /* ShoppingListsUITests */ = {
			isa = PBXGroup;
			children = (
				B722F9531D95359400EA1800 /* ShoppingListsUITests.swift */,
				B722F9551D95359400EA1800 /* Info.plist */,
			);
			path = ShoppingListsUITests;
			sourceTree = "<group>";
		};
/* End PBXGroup section */

/* Begin PBXNativeTarget section */
		B722F92D1D95359400EA1800 /* ShoppingLists */ = {
			isa = PBXNativeTarget;
			buildConfigurationList = B722F9581D95359400EA1800 /* Build configuration list for PBXNativeTarget "ShoppingLists" */;
			buildPhases = (
				B722F92A1D95359400EA1800 /* Sources */,
				B722F92B1D95359400EA1800 /* Frameworks */,
				B722F92C1D95359400EA1800 /* Resources */,
			);
			buildRules = (
			);
			dependencies = (
			);
			name = ShoppingLists;
			productName = ShoppingLists;
			productReference = B722F92E1D95359400EA1800 /* ShoppingLists.app */;
			productType = "com.apple.product-type.application";
		};
		B722F9431D95359400EA1800 /* ShoppingListsTests */ = {
			isa = PBXNativeTarget;
			buildConfigurationList = B722F95B1D95359400EA1800 /* Build configuration list for PBXNativeTarget "ShoppingListsTests" */;
			buildPhases = (
				B722F9401D95359400EA1800 /* Sources */,
				B722F9411D95359400EA1800 /* Frameworks */,
				B722F9421D95359400EA1800 /* Resources */,
			);
			buildRules = (
			);
			dependencies = (
				B722F9461D95359400EA1800 /* PBXTargetDependency */,
			);
			name = ShoppingListsTests;
			productName = ShoppingListsTests;
			productReference = B722F9441D95359400EA1800 /* ShoppingListsTests.xctest */;
			productType = "com.apple.product-type.bundle.unit-test";
		};
		B722F94E1D95359400EA1800 /* ShoppingListsUITests */ = {
			isa = PBXNativeTarget;
			buildConfigurationList = B722F95E1D95359400EA1800 /* Build configuration list for PBXNativeTarget "ShoppingListsUITests" */;
			buildPhases = (
				B722F94B1D95359400EA1800 /* Sources */,
				B722F94C1D95359400EA1800 /* Frameworks */,
				B722F94D1D95359400EA1800 /* Resources */,
			);
			buildRules = (
			);
			dependencies = (
				B722F9511D95359400EA1800 /* PBXTargetDependency */,
			);
			name = ShoppingListsUITests;
			productName = ShoppingListsUITests;
			productReference = B722F94F1D95359400EA1800 /* ShoppingListsUITests.xctest */;
			productType = "com.apple.product-type.bundle.ui-testing";
		};
/* End PBXNativeTarget section */

/* Begin PBXProject section */
		B722F9261D95359400EA1800 /* Project object */ = {
			isa = PBXProject;
			attributes = {
				LastSwiftUpdateCheck = 0730;
				LastUpgradeCheck = 0730;
				ORGANIZATIONNAME = "Gareth Carless";
				TargetAttributes = {
					B722F92D1D95359400EA1800 = {
						CreatedOnToolsVersion = 7.3;
					};
					B722F9431D95359400EA1800 = {
						CreatedOnToolsVersion = 7.3;
						TestTargetID = B722F92D1D95359400EA1800;
					};
					B722F94E1D95359400EA1800 = {
						CreatedOnToolsVersion = 7.3;
						TestTargetID = B722F92D1D95359400EA1800;
					};
				};
			};
			buildConfigurationList = B722F9291D95359400EA1800 /* Build configuration list for PBXProject "ShoppingLists" */;
			compatibilityVersion = "Xcode 3.2";
			developmentRegion = English;
			hasScannedForEncodings = 0;
			knownRegions = (
				en,
				Base,
			);
			mainGroup = B722F9251D95359400EA1800;
			productRefGroup = B722F92F1D95359400EA1800 /* Products */;
			projectDirPath = "";
			projectRoot = "";
			targets = (
				B722F92D1D95359400EA1800 /* ShoppingLists */,
				B722F9431D95359400EA1800 /* ShoppingListsTests */,
				B722F94E1D95359400EA1800 /* ShoppingListsUITests */,
			);
		};
/* End PBXProject section */

/* Begin PBXResourcesBuildPhase section */
		B722F92C1D95359400EA1800 /* Resources */ = {
			isa = PBXResourcesBuildPhase;
			buildActionMask = 2147483647;
			files = (
				B722F93E1D95359400EA1800 /* LaunchScreen.storyboard in Resources */,
				B722F93B1D95359400EA1800 /* Assets.xcassets in Resources */,
				B722F9391D95359400EA1800 /* Main.storyboard in Resources */,
			);
			runOnlyForDeploymentPostprocessing = 0;
		};
		B722F9421D95359400EA1800 /* Resources */ = {
			isa = PBXResourcesBuildPhase;
			buildActionMask = 2147483647;
			files = (
			);
			runOnlyForDeploymentPostprocessing = 0;
		};
		B722F94D1D95359400EA1800 /* Resources */ = {
			isa = PBXResourcesBuildPhase;
			buildActionMask = 2147483647;
			files = (
			);
			runOnlyForDeploymentPostprocessing = 0;
		};
/* End PBXResourcesBuildPhase section */

/* Begin PBXSourcesBuildPhase section */
		B722F92A1D95359400EA1800 /* Sources */ = {
			isa = PBXSourcesBuildPhase;
			buildActionMask = 2147483647;
			files = (
				B722F9361D95359400EA1800 /* ListsViewController.swift in Sources */,
				B722F9641D95626F00EA1800 /* Meal.swift in Sources */,
				B722F9321D95359400EA1800 /* AppDelegate.swift in Sources */,
				B722F9621D9535A800EA1800 /* SettingsViewController.swift in Sources */,
				B722F9341D95359400EA1800 /* MealsViewController.swift in Sources */,
				B722F9661D95627600EA1800 /* List.swift in Sources */,
				B722F9681D9563AF00EA1800 /* Ingredient.swift in Sources */,
			);
			runOnlyForDeploymentPostprocessing = 0;
		};
		B722F9401D95359400EA1800 /* Sources */ = {
			isa = PBXSourcesBuildPhase;
			buildActionMask = 2147483647;
			files = (
				B722F9491D95359400EA1800 /* ShoppingListsTests.swift in Sources */,
			);
			runOnlyForDeploymentPostprocessing = 0;
		};
		B722F94B1D95359400EA1800 /* Sources */ = {
			isa = PBXSourcesBuildPhase;
			buildActionMask = 2147483647;
			files = (
				B722F9541D95359400EA1800 /* ShoppingListsUITests.swift in Sources */,
			);
			runOnlyForDeploymentPostprocessing = 0;
		};
/* End PBXSourcesBuildPhase section */

/* Begin PBXTargetDependency section */
		B722F9461D95359400EA1800 /* PBXTargetDependency */ = {
			isa = PBXTargetDependency;
			target = B722F92D1D95359400EA1800 /* ShoppingLists */;
			targetProxy = B722F9451D95359400EA1800 /* PBXContainerItemProxy */;
		};
		B722F9511D95359400EA1800 /* PBXTargetDependency */ = {
			isa = PBXTargetDependency;
			target = B722F92D1D95359400EA1800 /* ShoppingLists */;
			targetProxy = B722F9501D95359400EA1800 /* PBXContainerItemProxy */;
		};
/* End PBXTargetDependency section */

/* Begin PBXVariantGroup section */
		B722F9371D95359400EA1800 /* Main.storyboard */ = {
			isa = PBXVariantGroup;
			children = (
				B722F9381D95359400EA1800 /* Base */,
			);
			name = Main.storyboard;
			sourceTree = "<group>";
		};
		B722F93C1D95359400EA1800 /* LaunchScreen.storyboard */ = {
			isa = PBXVariantGroup;
			children = (
				B722F93D1D95359400EA1800 /* Base */,
			);
			name = LaunchScreen.storyboard;
			sourceTree = "<group>";
		};
/* End PBXVariantGroup section */

/* Begin XCBuildConfiguration section */
		B722F9561D95359400EA1800 /* Debug */ = {
			isa = XCBuildConfiguration;
			buildSettings = {
				ALWAYS_SEARCH_USER_PATHS = NO;
				CLANG_ANALYZER_NONNULL = YES;
				CLANG_CXX_LANGUAGE_STANDARD = "gnu++0x";
				CLANG_CXX_LIBRARY = "libc++";
				CLANG_ENABLE_MODULES = YES;
				CLANG_ENABLE_OBJC_ARC = YES;
				CLANG_WARN_BOOL_CONVERSION = YES;
				CLANG_WARN_CONSTANT_CONVERSION = YES;
				CLANG_WARN_DIRECT_OBJC_ISA_USAGE = YES_ERROR;
				CLANG_WARN_EMPTY_BODY = YES;
				CLANG_WARN_ENUM_CONVERSION = YES;
				CLANG_WARN_INT_CONVERSION = YES;
				CLANG_WARN_OBJC_ROOT_CLASS = YES_ERROR;
				CLANG_WARN_UNREACHABLE_CODE = YES;
				CLANG_WARN__DUPLICATE_METHOD_MATCH = YES;
				"CODE_SIGN_IDENTITY[sdk=iphoneos*]" = "iPhone Developer";
				COPY_PHASE_STRIP = NO;
				DEBUG_INFORMATION_FORMAT = dwarf;
				ENABLE_STRICT_OBJC_MSGSEND = YES;
				ENABLE_TESTABILITY = YES;
				GCC_C_LANGUAGE_STANDARD = gnu99;
				GCC_DYNAMIC_NO_PIC = NO;
				GCC_NO_COMMON_BLOCKS = YES;
				GCC_OPTIMIZATION_LEVEL = 0;
				GCC_PREPROCESSOR_DEFINITIONS = (
					"DEBUG=1",
					"$(inherited)",
				);
				GCC_WARN_64_TO_32_BIT_CONVERSION = YES;
				GCC_WARN_ABOUT_RETURN_TYPE = YES_ERROR;
				GCC_WARN_UNDECLARED_SELECTOR = YES;
				GCC_WARN_UNINITIALIZED_AUTOS = YES_AGGRESSIVE;
				GCC_WARN_UNUSED_FUNCTION = YES;
				GCC_WARN_UNUSED_VARIABLE = YES;
				IPHONEOS_DEPLOYMENT_TARGET = 9.3;
				MTL_ENABLE_DEBUG_INFO = YES;
				ONLY_ACTIVE_ARCH = YES;
				SDKROOT = iphoneos;
				SWIFT_OPTIMIZATION_LEVEL = "-Onone";
				TARGETED_DEVICE_FAMILY = "1,2";
			};
			name = Debug;
		};
		B722F9571D95359400EA1800 /* Release */ = {
			isa = XCBuildConfiguration;
			buildSettings = {
				ALWAYS_SEARCH_USER_PATHS = NO;
				CLANG_ANALYZER_NONNULL = YES;
				CLANG_CXX_LANGUAGE_STANDARD = "gnu++0x";
				CLANG_CXX_LIBRARY = "libc++";
				CLANG_ENABLE_MODULES = YES;
				CLANG_ENABLE_OBJC_ARC = YES;
				CLANG_WARN_BOOL_CONVERSION = YES;
				CLANG_WARN_CONSTANT_CONVERSION = YES;
				CLANG_WARN_DIRECT_OBJC_ISA_USAGE = YES_ERROR;
				CLANG_WARN_EMPTY_BODY = YES;
				CLANG_WARN_ENUM_CONVERSION = YES;
				CLANG_WARN_INT_CONVERSION = YES;
				CLANG_WARN_OBJC_ROOT_CLASS = YES_ERROR;
				CLANG_WARN_UNREACHABLE_CODE = YES;
				CLANG_WARN__DUPLICATE_METHOD_MATCH = YES;
				"CODE_SIGN_IDENTITY[sdk=iphoneos*]" = "iPhone Developer";
				COPY_PHASE_STRIP = NO;
				DEBUG_INFORMATION_FORMAT = "dwarf-with-dsym";
				ENABLE_NS_ASSERTIONS = NO;
				ENABLE_STRICT_OBJC_MSGSEND = YES;
				GCC_C_LANGUAGE_STANDARD = gnu99;
				GCC_NO_COMMON_BLOCKS = YES;
				GCC_WARN_64_TO_32_BIT_CONVERSION = YES;
				GCC_WARN_ABOUT_RETURN_TYPE = YES_ERROR;
				GCC_WARN_UNDECLARED_SELECTOR = YES;
				GCC_WARN_UNINITIALIZED_AUTOS = YES_AGGRESSIVE;
				GCC_WARN_UNUSED_FUNCTION = YES;
				GCC_WARN_UNUSED_VARIABLE = YES;
				IPHONEOS_DEPLOYMENT_TARGET = 9.3;
				MTL_ENABLE_DEBUG_INFO = NO;
				SDKROOT = iphoneos;
				TARGETED_DEVICE_FAMILY = "1,2";
				VALIDATE_PRODUCT = YES;
			};
			name = Release;
		};
		B722F9591D95359400EA1800 /* Debug */ = {
			isa = XCBuildConfiguration;
			buildSettings = {
				ASSETCATALOG_COMPILER_APPICON_NAME = AppIcon;
				INFOPLIST_FILE = ShoppingLists/Info.plist;
				LD_RUNPATH_SEARCH_PATHS = "$(inherited) @executable_path/Frameworks";
				PRODUCT_BUNDLE_IDENTIFIER = BlackTie.ShoppingLists;
				PRODUCT_NAME = "$(TARGET_NAME)";
			};
			name = Debug;
		};
		B722F95A1D95359400EA1800 /* Release */ = {
			isa = XCBuildConfiguration;
			buildSettings = {
				ASSETCATALOG_COMPILER_APPICON_NAME = AppIcon;
				INFOPLIST_FILE = ShoppingLists/Info.plist;
				LD_RUNPATH_SEARCH_PATHS = "$(inherited) @executable_path/Frameworks";
				PRODUCT_BUNDLE_IDENTIFIER = BlackTie.ShoppingLists;
				PRODUCT_NAME = "$(TARGET_NAME)";
			};
			name = Release;
		};
		B722F95C1D95359400EA1800 /* Debug */ = {
			isa = XCBuildConfiguration;
			buildSettings = {
				BUNDLE_LOADER = "$(TEST_HOST)";
				INFOPLIST_FILE = ShoppingListsTests/Info.plist;
				LD_RUNPATH_SEARCH_PATHS = "$(inherited) @executable_path/Frameworks @loader_path/Frameworks";
				PRODUCT_BUNDLE_IDENTIFIER = BlackTie.ShoppingListsTests;
				PRODUCT_NAME = "$(TARGET_NAME)";
				TEST_HOST = "$(BUILT_PRODUCTS_DIR)/ShoppingLists.app/ShoppingLists";
			};
			name = Debug;
		};
		B722F95D1D95359400EA1800 /* Release */ = {
			isa = XCBuildConfiguration;
			buildSettings = {
				BUNDLE_LOADER = "$(TEST_HOST)";
				INFOPLIST_FILE = ShoppingListsTests/Info.plist;
				LD_RUNPATH_SEARCH_PATHS = "$(inherited) @executable_path/Frameworks @loader_path/Frameworks";
				PRODUCT_BUNDLE_IDENTIFIER = BlackTie.ShoppingListsTests;
				PRODUCT_NAME = "$(TARGET_NAME)";
				TEST_HOST = "$(BUILT_PRODUCTS_DIR)/ShoppingLists.app/ShoppingLists";
			};
			name = Release;
		};
		B722F95F1D95359400EA1800 /* Debug */ = {
			isa = XCBuildConfiguration;
			buildSettings = {
				INFOPLIST_FILE = ShoppingListsUITests/Info.plist;
				LD_RUNPATH_SEARCH_PATHS = "$(inherited) @executable_path/Frameworks @loader_path/Frameworks";
				PRODUCT_BUNDLE_IDENTIFIER = BlackTie.ShoppingListsUITests;
				PRODUCT_NAME = "$(TARGET_NAME)";
				TEST_TARGET_NAME = ShoppingLists;
			};
			name = Debug;
		};
		B722F9601D95359400EA1800 /* Release */ = {
			isa = XCBuildConfiguration;
			buildSettings = {
				INFOPLIST_FILE = ShoppingListsUITests/Info.plist;
				LD_RUNPATH_SEARCH_PATHS = "$(inherited) @executable_path/Frameworks @loader_path/Frameworks";
				PRODUCT_BUNDLE_IDENTIFIER = BlackTie.ShoppingListsUITests;
				PRODUCT_NAME = "$(TARGET_NAME)";
				TEST_TARGET_NAME = ShoppingLists;
			};
			name = Release;
		};
/* End XCBuildConfiguration section */

/* Begin XCConfigurationList section */
		B722F9291D95359400EA1800 /* Build configuration list for PBXProject "ShoppingLists" */ = {
			isa = XCConfigurationList;
			buildConfigurations = (
				B722F9561D95359400EA1800 /* Debug */,
				B722F9571D95359400EA1800 /* Release */,
			);
			defaultConfigurationIsVisible = 0;
			defaultConfigurationName = Release;
		};
		B722F9581D95359400EA1800 /* Build configuration list for PBXNativeTarget "ShoppingLists" */ = {
			isa = XCConfigurationList;
			buildConfigurations = (
				B722F9591D95359400EA1800 /* Debug */,
				B722F95A1D95359400EA1800 /* Release */,
			);
			defaultConfigurationIsVisible = 0;
		};
		B722F95B1D95359400EA1800 /* Build configuration list for PBXNativeTarget "ShoppingListsTests" */ = {
			isa = XCConfigurationList;
			buildConfigurations = (
				B722F95C1D95359400EA1800 /* Debug */,
				B722F95D1D95359400EA1800 /* Release */,
			);
			defaultConfigurationIsVisible = 0;
		};
		B722F95E1D95359400EA1800 /* Build configuration list for PBXNativeTarget "ShoppingListsUITests" */ = {
			isa = XCConfigurationList;
			buildConfigurations = (
				B722F95F1D95359400EA1800 /* Debug */,
				B722F9601D95359400EA1800 /* Release */,
			);
			defaultConfigurationIsVisible = 0;
		};
/* End XCConfigurationList section */
	};
	rootObject = B722F9261D95359400EA1800 /* Project object */;
}
